
Microsoft Visual Studio Solution File, Format Version 12.00
# Visual Studio Version 17
VisualStudioVersion = 17.14.36221.1 d17.14
MinimumVisualStudioVersion = 10.0.40219.1
Project("{FAE04EC0-301F-11D3-BF4B-00C04F79EFBC}") = "BookStoreApp02", "BookStoreApp02.csproj", "{F541BB89-82BB-443E-8E11-651266C8388F}"
EndProject
Global
	GlobalSection(SolutionConfigurationPlatforms) = preSolution
		Debug|Any CPU = Debug|Any CPU
		Release|Any CPU = Release|Any CPU
	EndGlobalSection
	GlobalSection(ProjectConfigurationPlatforms) = postSolution
		{F541BB89-82BB-443E-8E11-651266C8388F}.Debug|Any CPU.ActiveCfg = Debug|Any CPU
		{F541BB89-82BB-443E-8E11-651266C8388F}.Debug|Any CPU.Build.0 = Debug|Any CPU
		{F541BB89-82BB-443E-8E11-651266C8388F}.Release|Any CPU.ActiveCfg = Release|Any CPU
		{F541BB89-82BB-443E-8E11-651266C8388F}.Release|Any CPU.Build.0 = Release|Any CPU
	EndGlobalSection
	GlobalSection(SolutionProperties) = preSolution
		HideSolutionNode = FALSE
	EndGlobalSection
	GlobalSection(ExtensibilityGlobals) = postSolution
		SolutionGuid = {B11D973B-E213-4F5E-B45F-B465F29E1E28}
	EndGlobalSection
EndGlobal
